
Microsoft Visual Studio Solution File, Format Version 12.00
# Visual Studio Version 17
VisualStudioVersion = 17.6.33829.357
MinimumVisualStudioVersion = 10.0.40219.1
Project("{FAE04EC0-301F-11D3-BF4B-00C04F79EFBC}") = "SteamUITest", "SteamUITest\SteamUITest.csproj", "{C8F355EB-E443-4305-B733-BFD08649130A}"
EndProject
Global
	GlobalSection(SolutionConfigurationPlatforms) = preSolution
		Debug|Any CPU = Debug|Any CPU
		Release|Any CPU = Release|Any CPU
	EndGlobalSection
	GlobalSection(ProjectConfigurationPlatforms) = postSolution
		{C8F355EB-E443-4305-B733-BFD08649130A}.Debug|Any CPU.ActiveCfg = Debug|Any CPU
		{C8F355EB-E443-4305-B733-BFD08649130A}.Debug|Any CPU.Build.0 = Debug|Any CPU
		{C8F355EB-E443-4305-B733-BFD08649130A}.Release|Any CPU.ActiveCfg = Release|Any CPU
		{C8F355EB-E443-4305-B733-BFD08649130A}.Release|Any CPU.Build.0 = Release|Any CPU
	EndGlobalSection
	GlobalSection(SolutionProperties) = preSolution
		HideSolutionNode = FALSE
	EndGlobalSection
	GlobalSection(ExtensibilityGlobals) = postSolution
		SolutionGuid = {ABD23FE7-CF4E-46DA-91E1-1CCC600EA804}
	EndGlobalSection
EndGlobal
